# This file is auto-generated by: gh aw compile daily-repo-status
# DO NOT EDIT MANUALLY
# To regenerate, run: gh aw compile daily-repo-status

# SETUP INSTRUCTIONS:
# ==================
# To complete the setup of this workflow:
#
# 1. Install GitHub Agentic Workflows CLI:
#    curl -sL https://raw.githubusercontent.com/github/gh-aw/main/install-gh-aw.sh | bash
#
# 2. Verify installation:
#    gh aw version
#
# 3. Compile the workflow to generate the actual .lock.yml:
#    cd /Users/Aleksandr_Kirilushkin/Desktop/hello-world
#    gh aw compile daily-repo-status --strict
#
# 4. Commit and push both files:
#    git add .gitattributes .github/workflows/daily-repo-status.md .github/workflows/daily-repo-status.lock.yml
#    git commit -m "Initialize daily repository status report workflow"
#    git push
#
# The workflow will then be ready to run on the next scheduled trigger or manual execution.
